{
  "lockfileVersion": 1,
  "configVersion": 1,
  "workspaces": {
    "": {
      "name": "tailor-site",
      "dependencies": {
        "highlight.js": "11.9.0",
        "marked": "12.0.2",
        "marked-highlight": "2.1.1",
      },
    },
  },
  "packages": {
    "highlight.js": ["highlight.js@11.9.0", "", {}, "sha512-fJ7cW7fQGCYAkgv4CPfwFHrfd/cLS4Hau96JuJ+ZTOWhjnhoeN1ub1tFmALm/+lW5z4WCAuAV9bm05AP0mS6Gw=="],

    "marked": ["marked@12.0.2", "", { "bin": { "marked": "bin/marked.js" } }, "sha512-qXUm7e/YKFoqFPYPa3Ukg9xlI5cyAtGmyEIzMfW//m6kXwCy2Ps9DYf5ioijFKQ8qyuscrHoY04iJGctu2Kg0Q=="],

    "marked-highlight": ["marked-highlight@2.1.1", "", { "peerDependencies": { "marked": ">=4 <13" } }, "sha512-ktdqwtBne8rim5mb+vvZ9FzElGFb+CHCgkx/g6DSzTjaSrVnxsJdSzB5YgCkknFrcOW+viocM1lGyIjC0oa3fg=="],
  }
}
